av==18.1.0 \
    --hash=sha256:025f84494cb23278498f03b0d8117d3e47a1cbc9c44b97eb31875cf02251e46b \
    --hash=sha256:08a9ae288299cfcbf739dba4ad0c53b9b71f45184303dd45947920d022fed695 \
    --hash=sha256:191224788d87af06c31784a395bb73f14b72f33d7f4871ace0157de2abdc6276 \
    --hash=sha256:3c8b1f8b46f99d52e2d8b0ed5d0cdadf172d24794d46e2077b16e44ed08e26ff \
    --hash=sha256:47bfc286e1bc9de7ab4681fc2b575cd2460a66919d31ffe1bd5aa54fae531a28 \
    --hash=sha256:5509ec12aaa19fd6601de13cfa6f4cdad450da07982118510592875d970454d6 \
    --hash=sha256:5548b79e2bf1f59b3e9aedc918a72d9dc45b9adaac10ff9470d5dbdda0002e47 \
    --hash=sha256:5cd9085028902c9880622bd37a12fd4b33060f06a52311f6f4867ca9f29a2c3b \
    --hash=sha256:6fc837cc51adf80331ac850779cd53b5d4c4460b0ebe9057a02a921c6736f19d \
    --hash=sha256:8a032e8d8ebc73dec079364b9b4a6837638a2d106e8472314e685ffbf163e700 \
    --hash=sha256:ab5ac081bc9eaf54109120d4e56284674fecfbe520d9aa1707c7fa911ec5f4d2 \
    --hash=sha256:ae75d8bb6467895ed1f8572ededf7ffa49eac07f6e483222f5d7d62a41d12f04 \
    --hash=sha256:b30a4e8d934558e19602b68998a4d9ac9f250fa0dacef216f7e8e40153b13316 \
    --hash=sha256:b36b0bae9e4c62f9487c99481ec15e4e3870fcc868522cd6d18fc2d6bfa04f01 \
    --hash=sha256:cf8a17466bef07765dbdecc9e66ed9b25d20b4e14f654fbf35345a58ac45fa0c \
    --hash=sha256:d49a5c542dfdc00f43c6cdb6cc41dac1781ee206fe180b56aa7433dfa816dfae \
    --hash=sha256:e4d48b9f12cad009cc72fe4f4099107de5e819c95f82767f4fd01a01481c0661 \
    --hash=sha256:e7ea063f6690193ea335a1d592d6e0274350d45e2ed6af83ee107cb90cbfd84f \
    --hash=sha256:ea1480b7a8d5405cb5f382b344731bf125fd2c1c6fae3964f6c48595628387ff
